// !$*UTF8*$!
{
	archiveVersion = 1;
	classes = {
	};
	objectVersion = 46;
	objects = {

/* Begin PBXBuildFile section */
		A62740121982295900E4B02A /* sun.png in Resources */ = {isa = PBXBuildFile; fileRef = A62740111982295900E4B02A /* sun.png */; };
		A627401619822CDE00E4B02A /* flashlight.png in Resources */ = {isa = PBXBuildFile; fileRef = A627401519822CDE00E4B02A /* flashlight.png */; };
		A6CBAE6019817B4500FF5CBD /* Foundation.framework in Frameworks */ = {isa = PBXBuildFile; fileRef = A6CBAE5F19817B4500FF5CBD /* Foundation.framework */; };
		A6CBAE6219817B4500FF5CBD /* CoreGraphics.framework in Frameworks */ = {isa = PBXBuildFile; fileRef = A6CBAE6119817B4500FF5CBD /* CoreGraphics.framework */; };
		A6CBAE6419817B4500FF5CBD /* UIKit.framework in Frameworks */ = {isa = PBXBuildFile; fileRef = A6CBAE6319817B4500FF5CBD /* UIKit.framework */; };
		A6CBAE6A19817B4500FF5CBD /* InfoPlist.strings in Resources */ = {isa = PBXBuildFile; fileRef = A6CBAE6819817B4500FF5CBD /* InfoPlist.strings */; };
		A6CBAE6C19817B4500FF5CBD /* main.m in Sources */ = {isa = PBXBuildFile; fileRef = A6CBAE6B19817B4500FF5CBD /* main.m */; };
		A6CBAE7019817B4500FF5CBD /* WKAppDelegate.m in Sources */ = {isa = PBXBuildFile; fileRef = A6CBAE6F19817B4500FF5CBD /* WKAppDelegate.m */; };
		A6CBAE7319817B4500FF5CBD /* WKRootViewController.m in Sources */ = {isa = PBXBuildFile; fileRef = A6CBAE7219817B4500FF5CBD /* WKRootViewController.m */; };
		A6CBAE7619817B4500FF5CBD /* WKDataViewController.m in Sources */ = {isa = PBXBuildFile; fileRef = A6CBAE7519817B4500FF5CBD /* WKDataViewController.m */; };
		A6CBAE7919817B4500FF5CBD /* WKModelController.m in Sources */ = {isa = PBXBuildFile; fileRef = A6CBAE7819817B4500FF5CBD /* WKModelController.m */; };
		A6CBAE7C19817B4500FF5CBD /* Main.storyboard in Resources */ = {isa = PBXBuildFile; fileRef = A6CBAE7A19817B4500FF5CBD /* Main.storyboard */; };
		A6CBAE7E19817B4500FF5CBD /* Images.xcassets in Resources */ = {isa = PBXBuildFile; fileRef = A6CBAE7D19817B4500FF5CBD /* Images.xcassets */; };
		A6CBAE8519817B4500FF5CBD /* XCTest.framework in Frameworks */ = {isa = PBXBuildFile; fileRef = A6CBAE8419817B4500FF5CBD /* XCTest.framework */; };
		A6CBAE8619817B4500FF5CBD /* Foundation.framework in Frameworks */ = {isa = PBXBuildFile; fileRef = A6CBAE5F19817B4500FF5CBD /* Foundation.framework */; };
		A6CBAE8719817B4500FF5CBD /* UIKit.framework in Frameworks */ = {isa = PBXBuildFile; fileRef = A6CBAE6319817B4500FF5CBD /* UIKit.framework */; };
		A6CBAE8F19817B4500FF5CBD /* InfoPlist.strings in Resources */ = {isa = PBXBuildFile; fileRef = A6CBAE8D19817B4500FF5CBD /* InfoPlist.strings */; };
		A6CBAE9119817B4500FF5CBD /* winkTests.m in Sources */ = {isa = PBXBuildFile; fileRef = A6CBAE9019817B4500FF5CBD /* winkTests.m */; };
		A6D65928198187D400C4B551 /* WKReceiverViewController.m in Sources */ = {isa = PBXBuildFile; fileRef = A6D65927198187D400C4B551 /* WKReceiverViewController.m */; };
		A6D6592B198187EB00C4B551 /* WKEncoderViewController.m in Sources */ = {isa = PBXBuildFile; fileRef = A6D6592A198187EB00C4B551 /* WKEncoderViewController.m */; };
		BF1752BF1981A89F00A67AAF /* libGPUImage.a in Frameworks */ = {isa = PBXBuildFile; fileRef = BF1752BA1981A85600A67AAF /* libGPUImage.a */; };
		BF1752C11981A8AF00A67AAF /* CoreMedia.framework in Frameworks */ = {isa = PBXBuildFile; fileRef = BF1752C01981A8AF00A67AAF /* CoreMedia.framework */; };
		BF1752C31981A8B500A67AAF /* CoreVideo.framework in Frameworks */ = {isa = PBXBuildFile; fileRef = BF1752C21981A8B500A67AAF /* CoreVideo.framework */; };
		BF1752C51981A8BB00A67AAF /* OpenGLES.framework in Frameworks */ = {isa = PBXBuildFile; fileRef = BF1752C41981A8BB00A67AAF /* OpenGLES.framework */; };
		BF1752C71981A8C100A67AAF /* AVFoundation.framework in Frameworks */ = {isa = PBXBuildFile; fileRef = BF1752C61981A8C100A67AAF /* AVFoundation.framework */; };
		BF1752C91981A8C600A67AAF /* QuartzCore.framework in Frameworks */ = {isa = PBXBuildFile; fileRef = BF1752C81981A8C600A67AAF /* QuartzCore.framework */; };
		BF1752CC1981A90500A67AAF /* WKFlashTransmitModel.m in Sources */ = {isa = PBXBuildFile; fileRef = BF1752CB1981A90500A67AAF /* WKFlashTransmitModel.m */; };
		BF1752CF1982125800A67AAF /* WKFlashReceiveModel.m in Sources */ = {isa = PBXBuildFile; fileRef = BF1752CE1982125800A67AAF /* WKFlashReceiveModel.m */; };
		BF1752D11982327B00A67AAF /* WKFlashReceiveModelTest.m in Sources */ = {isa = PBXBuildFile; fileRef = BF1752D01982327B00A67AAF /* WKFlashReceiveModelTest.m */; };
		BF1752D21982328400A67AAF /* WKAppDelegate.m in Sources */ = {isa = PBXBuildFile; fileRef = A6CBAE6F19817B4500FF5CBD /* WKAppDelegate.m */; };
		BF1752D31982328700A67AAF /* WKRootViewController.m in Sources */ = {isa = PBXBuildFile; fileRef = A6CBAE7219817B4500FF5CBD /* WKRootViewController.m */; };
		BF1752D41982328900A67AAF /* WKEncoderViewController.m in Sources */ = {isa = PBXBuildFile; fileRef = A6D6592A198187EB00C4B551 /* WKEncoderViewController.m */; };
		BF1752D51982328C00A67AAF /* WKReceiverViewController.m in Sources */ = {isa = PBXBuildFile; fileRef = A6D65927198187D400C4B551 /* WKReceiverViewController.m */; };
		BF1752D61982328E00A67AAF /* WKDataViewController.m in Sources */ = {isa = PBXBuildFile; fileRef = A6CBAE7519817B4500FF5CBD /* WKDataViewController.m */; };
		BF1752D71982329100A67AAF /* WKModelController.m in Sources */ = {isa = PBXBuildFile; fileRef = A6CBAE7819817B4500FF5CBD /* WKModelController.m */; };
		BF1752D81982329400A67AAF /* WKFlashTransmitModel.m in Sources */ = {isa = PBXBuildFile; fileRef = BF1752CB1981A90500A67AAF /* WKFlashTransmitModel.m */; };
		BF1752D91982329700A67AAF /* WKFlashReceiveModel.m in Sources */ = {isa = PBXBuildFile; fileRef = BF1752CE1982125800A67AAF /* WKFlashReceiveModel.m */; };
/* End PBXBuildFile section */

/* Begin PBXContainerItemProxy section */
		A6CBAE8819817B4500FF5CBD /* PBXContainerItemProxy */ = {
			isa = PBXContainerItemProxy;
			containerPortal = A6CBAE5419817B4500FF5CBD /* Project object */;
			proxyType = 1;
			remoteGlobalIDString = A6CBAE5B19817B4500FF5CBD;
			remoteInfo = wink;
		};
		BF1752B91981A85600A67AAF /* PBXContainerItemProxy */ = {
			isa = PBXContainerItemProxy;
			containerPortal = BF1752B31981A85600A67AAF /* GPUImage.xcodeproj */;
			proxyType = 2;
			remoteGlobalIDString = BCF1A33414DDB1EC00852800;
			remoteInfo = GPUImage;
		};
		BF1752BB1981A85600A67AAF /* PBXContainerItemProxy */ = {
			isa = PBXContainerItemProxy;
			containerPortal = BF1752B31981A85600A67AAF /* GPUImage.xcodeproj */;
			proxyType = 2;
			remoteGlobalIDString = BCE209E51943F20C002FEED8;
			remoteInfo = GPUImageFramework;
		};
		BF1752BD1981A88A00A67AAF /* PBXContainerItemProxy */ = {
			isa = PBXContainerItemProxy;
			containerPortal = BF1752B31981A85600A67AAF /* GPUImage.xcodeproj */;
			proxyType = 1;
			remoteGlobalIDString = BCF1A33314DDB1EC00852800;
			remoteInfo = GPUImage;
		};
/* End PBXContainerItemProxy section */

/* Begin PBXFileReference section */
		A62740111982295900E4B02A /* sun.png */ = {isa = PBXFileReference; lastKnownFileType = image.png; path = sun.png; sourceTree = "<group>"; };
		A627401519822CDE00E4B02A /* flashlight.png */ = {isa = PBXFileReference; lastKnownFileType = image.png; path = flashlight.png; sourceTree = "<group>"; };
		A6CBAE5C19817B4500FF5CBD /* wink.app */ = {isa = PBXFileReference; explicitFileType = wrapper.application; includeInIndex = 0; path = wink.app; sourceTree = BUILT_PRODUCTS_DIR; };
		A6CBAE5F19817B4500FF5CBD /* Foundation.framework */ = {isa = PBXFileReference; lastKnownFileType = wrapper.framework; name = Foundation.framework; path = System/Library/Frameworks/Foundation.framework; sourceTree = SDKROOT; };
		A6CBAE6119817B4500FF5CBD /* CoreGraphics.framework */ = {isa = PBXFileReference; lastKnownFileType = wrapper.framework; name = CoreGraphics.framework; path = System/Library/Frameworks/CoreGraphics.framework; sourceTree = SDKROOT; };
		A6CBAE6319817B4500FF5CBD /* UIKit.framework */ = {isa = PBXFileReference; lastKnownFileType = wrapper.framework; name = UIKit.framework; path = System/Library/Frameworks/UIKit.framework; sourceTree = SDKROOT; };
		A6CBAE6719817B4500FF5CBD /* wink-Info.plist */ = {isa = PBXFileReference; lastKnownFileType = text.plist.xml; path = "wink-Info.plist"; sourceTree = "<group>"; };
		A6CBAE6919817B4500FF5CBD /* en */ = {isa = PBXFileReference; lastKnownFileType = text.plist.strings; name = en; path = en.lproj/InfoPlist.strings; sourceTree = "<group>"; };
		A6CBAE6B19817B4500FF5CBD /* main.m */ = {isa = PBXFileReference; lastKnownFileType = sourcecode.c.objc; path = main.m; sourceTree = "<group>"; };
		A6CBAE6D19817B4500FF5CBD /* wink-Prefix.pch */ = {isa = PBXFileReference; lastKnownFileType = sourcecode.c.h; path = "wink-Prefix.pch"; sourceTree = "<group>"; };
		A6CBAE6E19817B4500FF5CBD /* WKAppDelegate.h */ = {isa = PBXFileReference; lastKnownFileType = sourcecode.c.h; path = WKAppDelegate.h; sourceTree = "<group>"; };
		A6CBAE6F19817B4500FF5CBD /* WKAppDelegate.m */ = {isa = PBXFileReference; lastKnownFileType = sourcecode.c.objc; path = WKAppDelegate.m; sourceTree = "<group>"; };
		A6CBAE7119817B4500FF5CBD /* WKRootViewController.h */ = {isa = PBXFileReference; lastKnownFileType = sourcecode.c.h; path = WKRootViewController.h; sourceTree = "<group>"; };
		A6CBAE7219817B4500FF5CBD /* WKRootViewController.m */ = {isa = PBXFileReference; lastKnownFileType = sourcecode.c.objc; path = WKRootViewController.m; sourceTree = "<group>"; };
		A6CBAE7419817B4500FF5CBD /* WKDataViewController.h */ = {isa = PBXFileReference; lastKnownFileType = sourcecode.c.h; path = WKDataViewController.h; sourceTree = "<group>"; };
		A6CBAE7519817B4500FF5CBD /* WKDataViewController.m */ = {isa = PBXFileReference; lastKnownFileType = sourcecode.c.objc; path = WKDataViewController.m; sourceTree = "<group>"; };
		A6CBAE7719817B4500FF5CBD /* WKModelController.h */ = {isa = PBXFileReference; lastKnownFileType = sourcecode.c.h; path = WKModelController.h; sourceTree = "<group>"; };
		A6CBAE7819817B4500FF5CBD /* WKModelController.m */ = {isa = PBXFileReference; lastKnownFileType = sourcecode.c.objc; path = WKModelController.m; sourceTree = "<group>"; };
		A6CBAE7B19817B4500FF5CBD /* Base */ = {isa = PBXFileReference; lastKnownFileType = file.storyboard; name = Base; path = Base.lproj/Main.storyboard; sourceTree = "<group>"; };
		A6CBAE7D19817B4500FF5CBD /* Images.xcassets */ = {isa = PBXFileReference; lastKnownFileType = folder.assetcatalog; path = Images.xcassets; sourceTree = "<group>"; };
		A6CBAE8319817B4500FF5CBD /* winkTests.xctest */ = {isa = PBXFileReference; explicitFileType = wrapper.cfbundle; includeInIndex = 0; path = winkTests.xctest; sourceTree = BUILT_PRODUCTS_DIR; };
		A6CBAE8419817B4500FF5CBD /* XCTest.framework */ = {isa = PBXFileReference; lastKnownFileType = wrapper.framework; name = XCTest.framework; path = Library/Frameworks/XCTest.framework; sourceTree = DEVELOPER_DIR; };
		A6CBAE8C19817B4500FF5CBD /* winkTests-Info.plist */ = {isa = PBXFileReference; lastKnownFileType = text.plist.xml; path = "winkTests-Info.plist"; sourceTree = "<group>"; };
		A6CBAE8E19817B4500FF5CBD /* en */ = {isa = PBXFileReference; lastKnownFileType = text.plist.strings; name = en; path = en.lproj/InfoPlist.strings; sourceTree = "<group>"; };
		A6CBAE9019817B4500FF5CBD /* winkTests.m */ = {isa = PBXFileReference; lastKnownFileType = sourcecode.c.objc; path = winkTests.m; sourceTree = "<group>"; };
		A6D65926198187D400C4B551 /* WKReceiverViewController.h */ = {isa = PBXFileReference; fileEncoding = 4; lastKnownFileType = sourcecode.c.h; path = WKReceiverViewController.h; sourceTree = "<group>"; };
		A6D65927198187D400C4B551 /* WKReceiverViewController.m */ = {isa = PBXFileReference; fileEncoding = 4; lastKnownFileType = sourcecode.c.objc; path = WKReceiverViewController.m; sourceTree = "<group>"; };
		A6D65929198187EB00C4B551 /* WKEncoderViewController.h */ = {isa = PBXFileReference; fileEncoding = 4; lastKnownFileType = sourcecode.c.h; path = WKEncoderViewController.h; sourceTree = "<group>"; };
		A6D6592A198187EB00C4B551 /* WKEncoderViewController.m */ = {isa = PBXFileReference; fileEncoding = 4; lastKnownFileType = sourcecode.c.objc; path = WKEncoderViewController.m; sourceTree = "<group>"; };
		BF1752B31981A85600A67AAF /* GPUImage.xcodeproj */ = {isa = PBXFileReference; lastKnownFileType = "wrapper.pb-project"; name = GPUImage.xcodeproj; path = GPUImage/GPUImage.xcodeproj; sourceTree = "<group>"; };
		BF1752C01981A8AF00A67AAF /* CoreMedia.framework */ = {isa = PBXFileReference; lastKnownFileType = wrapper.framework; name = CoreMedia.framework; path = System/Library/Frameworks/CoreMedia.framework; sourceTree = SDKROOT; };
		BF1752C21981A8B500A67AAF /* CoreVideo.framework */ = {isa = PBXFileReference; lastKnownFileType = wrapper.framework; name = CoreVideo.framework; path = System/Library/Frameworks/CoreVideo.framework; sourceTree = SDKROOT; };
		BF1752C41981A8BB00A67AAF /* OpenGLES.framework */ = {isa = PBXFileReference; lastKnownFileType = wrapper.framework; name = OpenGLES.framework; path = System/Library/Frameworks/OpenGLES.framework; sourceTree = SDKROOT; };
		BF1752C61981A8C100A67AAF /* AVFoundation.framework */ = {isa = PBXFileReference; lastKnownFileType = wrapper.framework; name = AVFoundation.framework; path = System/Library/Frameworks/AVFoundation.framework; sourceTree = SDKROOT; };
		BF1752C81981A8C600A67AAF /* QuartzCore.framework */ = {isa = PBXFileReference; lastKnownFileType = wrapper.framework; name = QuartzCore.framework; path = System/Library/Frameworks/QuartzCore.framework; sourceTree = SDKROOT; };
		BF1752CA1981A90500A67AAF /* WKFlashTransmitModel.h */ = {isa = PBXFileReference; fileEncoding = 4; lastKnownFileType = sourcecode.c.h; path = WKFlashTransmitModel.h; sourceTree = "<group>"; };
		BF1752CB1981A90500A67AAF /* WKFlashTransmitModel.m */ = {isa = PBXFileReference; fileEncoding = 4; lastKnownFileType = sourcecode.c.objc; path = WKFlashTransmitModel.m; sourceTree = "<group>"; };
		BF1752CD1982125800A67AAF /* WKFlashReceiveModel.h */ = {isa = PBXFileReference; fileEncoding = 4; lastKnownFileType = sourcecode.c.h; path = WKFlashReceiveModel.h; sourceTree = "<group>"; };
		BF1752CE1982125800A67AAF /* WKFlashReceiveModel.m */ = {isa = PBXFileReference; fileEncoding = 4; lastKnownFileType = sourcecode.c.objc; path = WKFlashReceiveModel.m; sourceTree = "<group>"; };
		BF1752D01982327B00A67AAF /* WKFlashReceiveModelTest.m */ = {isa = PBXFileReference; fileEncoding = 4; lastKnownFileType = sourcecode.c.objc; path = WKFlashReceiveModelTest.m; sourceTree = "<group>"; };
/* End PBXFileReference section */

/* Begin PBXFrameworksBuildPhase section */
		A6CBAE5919817B4500FF5CBD /* Frameworks */ = {
			isa = PBXFrameworksBuildPhase;
			buildActionMask = 2147483647;
			files = (
				BF1752C91981A8C600A67AAF /* QuartzCore.framework in Frameworks */,
				BF1752C71981A8C100A67AAF /* AVFoundation.framework in Frameworks */,
				BF1752C51981A8BB00A67AAF /* OpenGLES.framework in Frameworks */,
				BF1752C31981A8B500A67AAF /* CoreVideo.framework in Frameworks */,
				BF1752C11981A8AF00A67AAF /* CoreMedia.framework in Frameworks */,
				A6CBAE6219817B4500FF5CBD /* CoreGraphics.framework in Frameworks */,
				A6CBAE6419817B4500FF5CBD /* UIKit.framework in Frameworks */,
				A6CBAE6019817B4500FF5CBD /* Foundation.framework in Frameworks */,
				BF1752BF1981A89F00A67AAF /* libGPUImage.a in Frameworks */,
			);
			runOnlyForDeploymentPostprocessing = 0;
		};
		A6CBAE8019817B4500FF5CBD /* Frameworks */ = {
			isa = PBXFrameworksBuildPhase;
			buildActionMask = 2147483647;
			files = (
				A6CBAE8519817B4500FF5CBD /* XCTest.framework in Frameworks */,
				A6CBAE8719817B4500FF5CBD /* UIKit.framework in Frameworks */,
				A6CBAE8619817B4500FF5CBD /* Foundation.framework in Frameworks */,
			);
			runOnlyForDeploymentPostprocessing = 0;
		};
/* End PBXFrameworksBuildPhase section */

/* Begin PBXGroup section */
		A6CBAE5319817B4500FF5CBD = {
			isa = PBXGroup;
			children = (
				A6CBAE6519817B4500FF5CBD /* wink */,
				A6CBAE8A19817B4500FF5CBD /* winkTests */,
				A6CBAE5E19817B4500FF5CBD /* Frameworks */,
				A6CBAE5D19817B4500FF5CBD /* Products */,
			);
			sourceTree = "<group>";
		};
		A6CBAE5D19817B4500FF5CBD /* Products */ = {
			isa = PBXGroup;
			children = (
				A6CBAE5C19817B4500FF5CBD /* wink.app */,
				A6CBAE8319817B4500FF5CBD /* winkTests.xctest */,
			);
			name = Products;
			sourceTree = "<group>";
		};
		A6CBAE5E19817B4500FF5CBD /* Frameworks */ = {
			isa = PBXGroup;
			children = (
				BF1752B31981A85600A67AAF /* GPUImage.xcodeproj */,
				BF1752C81981A8C600A67AAF /* QuartzCore.framework */,
				BF1752C61981A8C100A67AAF /* AVFoundation.framework */,
				BF1752C41981A8BB00A67AAF /* OpenGLES.framework */,
				BF1752C21981A8B500A67AAF /* CoreVideo.framework */,
				BF1752C01981A8AF00A67AAF /* CoreMedia.framework */,
				A6CBAE5F19817B4500FF5CBD /* Foundation.framework */,
				A6CBAE6119817B4500FF5CBD /* CoreGraphics.framework */,
				A6CBAE6319817B4500FF5CBD /* UIKit.framework */,
				A6CBAE8419817B4500FF5CBD /* XCTest.framework */,
			);
			name = Frameworks;
			sourceTree = "<group>";
		};
		A6CBAE6519817B4500FF5CBD /* wink */ = {
			isa = PBXGroup;
			children = (
				A6CBAE6E19817B4500FF5CBD /* WKAppDelegate.h */,
				A6CBAE6F19817B4500FF5CBD /* WKAppDelegate.m */,
				A6CBAE7119817B4500FF5CBD /* WKRootViewController.h */,
				A6CBAE7219817B4500FF5CBD /* WKRootViewController.m */,
				A6D65929198187EB00C4B551 /* WKEncoderViewController.h */,
				A6D6592A198187EB00C4B551 /* WKEncoderViewController.m */,
				A6D65926198187D400C4B551 /* WKReceiverViewController.h */,
				A6D65927198187D400C4B551 /* WKReceiverViewController.m */,
				A6CBAE7419817B4500FF5CBD /* WKDataViewController.h */,
				A6CBAE7519817B4500FF5CBD /* WKDataViewController.m */,
				A6CBAE7719817B4500FF5CBD /* WKModelController.h */,
				A6CBAE7819817B4500FF5CBD /* WKModelController.m */,
				BF1752CA1981A90500A67AAF /* WKFlashTransmitModel.h */,
				BF1752CB1981A90500A67AAF /* WKFlashTransmitModel.m */,
				BF1752CD1982125800A67AAF /* WKFlashReceiveModel.h */,
				BF1752CE1982125800A67AAF /* WKFlashReceiveModel.m */,
				A6CBAE7A19817B4500FF5CBD /* Main.storyboard */,
				A627401519822CDE00E4B02A /* flashlight.png */,
				A62740111982295900E4B02A /* sun.png */,
				A6CBAE7D19817B4500FF5CBD /* Images.xcassets */,
				A6CBAE6619817B4500FF5CBD /* Supporting Files */,
			);
			path = wink;
			sourceTree = "<group>";
		};
		A6CBAE6619817B4500FF5CBD /* Supporting Files */ = {
			isa = PBXGroup;
			children = (
				A6CBAE6719817B4500FF5CBD /* wink-Info.plist */,
				A6CBAE6819817B4500FF5CBD /* InfoPlist.strings */,
				A6CBAE6B19817B4500FF5CBD /* main.m */,
				A6CBAE6D19817B4500FF5CBD /* wink-Prefix.pch */,
			);
			name = "Supporting Files";
			sourceTree = "<group>";
		};
		A6CBAE8A19817B4500FF5CBD /* winkTests */ = {
			isa = PBXGroup;
			children = (
				A6CBAE9019817B4500FF5CBD /* winkTests.m */,
				A6CBAE8B19817B4500FF5CBD /* Supporting Files */,
				BF1752D01982327B00A67AAF /* WKFlashReceiveModelTest.m */,
			);
			path = winkTests;
			sourceTree = "<group>";
		};
		A6CBAE8B19817B4500FF5CBD /* Supporting Files */ = {
			isa = PBXGroup;
			children = (
				A6CBAE8C19817B4500FF5CBD /* winkTests-Info.plist */,
				A6CBAE8D19817B4500FF5CBD /* InfoPlist.strings */,
			);
			name = "Supporting Files";
			sourceTree = "<group>";
		};
		BF1752B41981A85600A67AAF /* Products */ = {
			isa = PBXGroup;
			children = (
				BF1752BA1981A85600A67AAF /* libGPUImage.a */,
				BF1752BC1981A85600A67AAF /* GPUImage.framework */,
			);
			name = Products;
			sourceTree = "<group>";
		};
/* End PBXGroup section */

/* Begin PBXNativeTarget section */
		A6CBAE5B19817B4500FF5CBD /* wink */ = {
			isa = PBXNativeTarget;
			buildConfigurationList = A6CBAE9419817B4500FF5CBD /* Build configuration list for PBXNativeTarget "wink" */;
			buildPhases = (
				A6CBAE5819817B4500FF5CBD /* Sources */,
				A6CBAE5919817B4500FF5CBD /* Frameworks */,
				A6CBAE5A19817B4500FF5CBD /* Resources */,
			);
			buildRules = (
			);
			dependencies = (
				BF1752BE1981A88A00A67AAF /* PBXTargetDependency */,
			);
			name = wink;
			productName = wink;
			productReference = A6CBAE5C19817B4500FF5CBD /* wink.app */;
			productType = "com.apple.product-type.application";
		};
		A6CBAE8219817B4500FF5CBD /* winkTests */ = {
			isa = PBXNativeTarget;
			buildConfigurationList = A6CBAE9719817B4500FF5CBD /* Build configuration list for PBXNativeTarget "winkTests" */;
			buildPhases = (
				A6CBAE7F19817B4500FF5CBD /* Sources */,
				A6CBAE8019817B4500FF5CBD /* Frameworks */,
				A6CBAE8119817B4500FF5CBD /* Resources */,
			);
			buildRules = (
			);
			dependencies = (
				A6CBAE8919817B4500FF5CBD /* PBXTargetDependency */,
			);
			name = winkTests;
			productName = winkTests;
			productReference = A6CBAE8319817B4500FF5CBD /* winkTests.xctest */;
			productType = "com.apple.product-type.bundle.unit-test";
		};
/* End PBXNativeTarget section */

/* Begin PBXProject section */
		A6CBAE5419817B4500FF5CBD /* Project object */ = {
			isa = PBXProject;
			attributes = {
				CLASSPREFIX = WK;
				LastUpgradeCheck = 0510;
				ORGANIZATIONNAME = wink;
				TargetAttributes = {
					A6CBAE8219817B4500FF5CBD = {
						TestTargetID = A6CBAE5B19817B4500FF5CBD;
					};
				};
			};
			buildConfigurationList = A6CBAE5719817B4500FF5CBD /* Build configuration list for PBXProject "wink" */;
			compatibilityVersion = "Xcode 3.2";
			developmentRegion = English;
			hasScannedForEncodings = 0;
			knownRegions = (
				en,
				Base,
			);
			mainGroup = A6CBAE5319817B4500FF5CBD;
			productRefGroup = A6CBAE5D19817B4500FF5CBD /* Products */;
			projectDirPath = "";
			projectReferences = (
				{
					ProductGroup = BF1752B41981A85600A67AAF /* Products */;
					ProjectRef = BF1752B31981A85600A67AAF /* GPUImage.xcodeproj */;
				},
			);
			projectRoot = "";
			targets = (
				A6CBAE5B19817B4500FF5CBD /* wink */,
				A6CBAE8219817B4500FF5CBD /* winkTests */,
			);
		};
/* End PBXProject section */

/* Begin PBXReferenceProxy section */
		BF1752BA1981A85600A67AAF /* libGPUImage.a */ = {
			isa = PBXReferenceProxy;
			fileType = archive.ar;
			path = libGPUImage.a;
			remoteRef = BF1752B91981A85600A67AAF /* PBXContainerItemProxy */;
			sourceTree = BUILT_PRODUCTS_DIR;
		};
		BF1752BC1981A85600A67AAF /* GPUImage.framework */ = {
			isa = PBXReferenceProxy;
			fileType = wrapper.framework;
			path = GPUImage.framework;
			remoteRef = BF1752BB1981A85600A67AAF /* PBXContainerItemProxy */;
			sourceTree = BUILT_PRODUCTS_DIR;
		};
/* End PBXReferenceProxy section */

/* Begin PBXResourcesBuildPhase section */
		A6CBAE5A19817B4500FF5CBD /* Resources */ = {
			isa = PBXResourcesBuildPhase;
			buildActionMask = 2147483647;
			files = (
				A62740121982295900E4B02A /* sun.png in Resources */,
				A6CBAE7E19817B4500FF5CBD /* Images.xcassets in Resources */,
				A627401619822CDE00E4B02A /* flashlight.png in Resources */,
				A6CBAE6A19817B4500FF5CBD /* InfoPlist.strings in Resources */,
				A6CBAE7C19817B4500FF5CBD /* Main.storyboard in Resources */,
			);
			runOnlyForDeploymentPostprocessing = 0;
		};
		A6CBAE8119817B4500FF5CBD /* Resources */ = {
			isa = PBXResourcesBuildPhase;
			buildActionMask = 2147483647;
			files = (
				A6CBAE8F19817B4500FF5CBD /* InfoPlist.strings in Resources */,
			);
			runOnlyForDeploymentPostprocessing = 0;
		};
/* End PBXResourcesBuildPhase section */

/* Begin PBXSourcesBuildPhase section */
		A6CBAE5819817B4500FF5CBD /* Sources */ = {
			isa = PBXSourcesBuildPhase;
			buildActionMask = 2147483647;
			files = (
				A6CBAE7619817B4500FF5CBD /* WKDataViewController.m in Sources */,
				A6D6592B198187EB00C4B551 /* WKEncoderViewController.m in Sources */,
				A6CBAE7019817B4500FF5CBD /* WKAppDelegate.m in Sources */,
				A6CBAE6C19817B4500FF5CBD /* main.m in Sources */,
				BF1752CC1981A90500A67AAF /* WKFlashTransmitModel.m in Sources */,
				A6D65928198187D400C4B551 /* WKReceiverViewController.m in Sources */,
				A6CBAE7319817B4500FF5CBD /* WKRootViewController.m in Sources */,
				A6CBAE7919817B4500FF5CBD /* WKModelController.m in Sources */,
				BF1752CF1982125800A67AAF /* WKFlashReceiveModel.m in Sources */,
			);
			runOnlyForDeploymentPostprocessing = 0;
		};
		A6CBAE7F19817B4500FF5CBD /* Sources */ = {
			isa = PBXSourcesBuildPhase;
			buildActionMask = 2147483647;
			files = (
				BF1752D11982327B00A67AAF /* WKFlashReceiveModelTest.m in Sources */,
				BF1752D21982328400A67AAF /* WKAppDelegate.m in Sources */,
				BF1752D81982329400A67AAF /* WKFlashTransmitModel.m in Sources */,
				BF1752D41982328900A67AAF /* WKEncoderViewController.m in Sources */,
				BF1752D61982328E00A67AAF /* WKDataViewController.m in Sources */,
				BF1752D51982328C00A67AAF /* WKReceiverViewController.m in Sources */,
				BF1752D71982329100A67AAF /* WKModelController.m in Sources */,
				BF1752D31982328700A67AAF /* WKRootViewController.m in Sources */,
				BF1752D91982329700A67AAF /* WKFlashReceiveModel.m in Sources */,
				A6CBAE9119817B4500FF5CBD /* winkTests.m in Sources */,
			);
			runOnlyForDeploymentPostprocessing = 0;
		};
/* End PBXSourcesBuildPhase section */

/* Begin PBXTargetDependency section */
		A6CBAE8919817B4500FF5CBD /* PBXTargetDependency */ = {
			isa = PBXTargetDependency;
			target = A6CBAE5B19817B4500FF5CBD /* wink */;
			targetProxy = A6CBAE8819817B4500FF5CBD /* PBXContainerItemProxy */;
		};
		BF1752BE1981A88A00A67AAF /* PBXTargetDependency */ = {
			isa = PBXTargetDependency;
			name = GPUImage;
			targetProxy = BF1752BD1981A88A00A67AAF /* PBXContainerItemProxy */;
		};
/* End PBXTargetDependency section */

/* Begin PBXVariantGroup section */
		A6CBAE6819817B4500FF5CBD /* InfoPlist.strings */ = {
			isa = PBXVariantGroup;
			children = (
				A6CBAE6919817B4500FF5CBD /* en */,
			);
			name = InfoPlist.strings;
			sourceTree = "<group>";
		};
		A6CBAE7A19817B4500FF5CBD /* Main.storyboard */ = {
			isa = PBXVariantGroup;
			children = (
				A6CBAE7B19817B4500FF5CBD /* Base */,
			);
			name = Main.storyboard;
			sourceTree = "<group>";
		};
		A6CBAE8D19817B4500FF5CBD /* InfoPlist.strings */ = {
			isa = PBXVariantGroup;
			children = (
				A6CBAE8E19817B4500FF5CBD /* en */,
			);
			name = InfoPlist.strings;
			sourceTree = "<group>";
		};
/* End PBXVariantGroup section */

/* Begin XCBuildConfiguration section */
		A6CBAE9219817B4500FF5CBD /* Debug */ = {
			isa = XCBuildConfiguration;
			buildSettings = {
				ALWAYS_SEARCH_USER_PATHS = NO;
				CLANG_CXX_LANGUAGE_STANDARD = "gnu++0x";
				CLANG_CXX_LIBRARY = "libc++";
				CLANG_ENABLE_MODULES = YES;
				CLANG_ENABLE_OBJC_ARC = YES;
				CLANG_WARN_BOOL_CONVERSION = YES;
				CLANG_WARN_CONSTANT_CONVERSION = YES;
				CLANG_WARN_DIRECT_OBJC_ISA_USAGE = YES_ERROR;
				CLANG_WARN_EMPTY_BODY = YES;
				CLANG_WARN_ENUM_CONVERSION = YES;
				CLANG_WARN_INT_CONVERSION = YES;
				CLANG_WARN_OBJC_ROOT_CLASS = YES_ERROR;
				CLANG_WARN__DUPLICATE_METHOD_MATCH = YES;
				"CODE_SIGN_IDENTITY[sdk=iphoneos*]" = "iPhone Developer";
				COPY_PHASE_STRIP = NO;
				GCC_C_LANGUAGE_STANDARD = gnu99;
				GCC_DYNAMIC_NO_PIC = NO;
				GCC_OPTIMIZATION_LEVEL = 0;
				GCC_PREPROCESSOR_DEFINITIONS = (
					"DEBUG=1",
					"$(inherited)",
				);
				GCC_SYMBOLS_PRIVATE_EXTERN = NO;
				GCC_WARN_64_TO_32_BIT_CONVERSION = YES;
				GCC_WARN_ABOUT_RETURN_TYPE = YES_ERROR;
				GCC_WARN_UNDECLARED_SELECTOR = YES;
				GCC_WARN_UNINITIALIZED_AUTOS = YES_AGGRESSIVE;
				GCC_WARN_UNUSED_FUNCTION = YES;
				GCC_WARN_UNUSED_VARIABLE = YES;
				IPHONEOS_DEPLOYMENT_TARGET = 7.1;
				ONLY_ACTIVE_ARCH = YES;
				SDKROOT = iphoneos;
			};
			name = Debug;
		};
		A6CBAE9319817B4500FF5CBD /* Release */ = {
			isa = XCBuildConfiguration;
			buildSettings = {
				ALWAYS_SEARCH_USER_PATHS = NO;
				CLANG_CXX_LANGUAGE_STANDARD = "gnu++0x";
				CLANG_CXX_LIBRARY = "libc++";
				CLANG_ENABLE_MODULES = YES;
				CLANG_ENABLE_OBJC_ARC = YES;
				CLANG_WARN_BOOL_CONVERSION = YES;
				CLANG_WARN_CONSTANT_CONVERSION = YES;
				CLANG_WARN_DIRECT_OBJC_ISA_USAGE = YES_ERROR;
				CLANG_WARN_EMPTY_BODY = YES;
				CLANG_WARN_ENUM_CONVERSION = YES;
				CLANG_WARN_INT_CONVERSION = YES;
				CLANG_WARN_OBJC_ROOT_CLASS = YES_ERROR;
				CLANG_WARN__DUPLICATE_METHOD_MATCH = YES;
				"CODE_SIGN_IDENTITY[sdk=iphoneos*]" = "iPhone Developer";
				COPY_PHASE_STRIP = YES;
				ENABLE_NS_ASSERTIONS = NO;
				GCC_C_LANGUAGE_STANDARD = gnu99;
				GCC_WARN_64_TO_32_BIT_CONVERSION = YES;
				GCC_WARN_ABOUT_RETURN_TYPE = YES_ERROR;
				GCC_WARN_UNDECLARED_SELECTOR = YES;
				GCC_WARN_UNINITIALIZED_AUTOS = YES_AGGRESSIVE;
				GCC_WARN_UNUSED_FUNCTION = YES;
				GCC_WARN_UNUSED_VARIABLE = YES;
				IPHONEOS_DEPLOYMENT_TARGET = 7.1;
				SDKROOT = iphoneos;
				VALIDATE_PRODUCT = YES;
			};
			name = Release;
		};
		A6CBAE9519817B4500FF5CBD /* Debug */ = {
			isa = XCBuildConfiguration;
			buildSettings = {
				ASSETCATALOG_COMPILER_APPICON_NAME = AppIcon;
				ASSETCATALOG_COMPILER_LAUNCHIMAGE_NAME = LaunchImage;
				GCC_PRECOMPILE_PREFIX_HEADER = YES;
				GCC_PREFIX_HEADER = "wink/wink-Prefix.pch";
				INFOPLIST_FILE = "wink/wink-Info.plist";
				PRODUCT_NAME = "$(TARGET_NAME)";
				RUN_CLANG_STATIC_ANALYZER = YES;
				USER_HEADER_SEARCH_PATHS = "./GPUImage/Source/**";
				WRAPPER_EXTENSION = app;
			};
			name = Debug;
		};
		A6CBAE9619817B4500FF5CBD /* Release */ = {
			isa = XCBuildConfiguration;
			buildSettings = {
				ASSETCATALOG_COMPILER_APPICON_NAME = AppIcon;
				ASSETCATALOG_COMPILER_LAUNCHIMAGE_NAME = LaunchImage;
				GCC_PRECOMPILE_PREFIX_HEADER = YES;
				GCC_PREFIX_HEADER = "wink/wink-Prefix.pch";
				INFOPLIST_FILE = "wink/wink-Info.plist";
				PRODUCT_NAME = "$(TARGET_NAME)";
				RUN_CLANG_STATIC_ANALYZER = YES;
				USER_HEADER_SEARCH_PATHS = "./GPUImage/Source/**";
				WRAPPER_EXTENSION = app;
			};
			name = Release;
		};
		A6CBAE9819817B4500FF5CBD /* Debug */ = {
			isa = XCBuildConfiguration;
			buildSettings = {
				BUNDLE_LOADER = "$(BUILT_PRODUCTS_DIR)/wink.app/wink";
				FRAMEWORK_SEARCH_PATHS = (
					"$(SDKROOT)/Developer/Library/Frameworks",
					"$(inherited)",
					"$(DEVELOPER_FRAMEWORKS_DIR)",
				);
				GCC_PRECOMPILE_PREFIX_HEADER = YES;
				GCC_PREFIX_HEADER = "wink/wink-Prefix.pch";
				GCC_PREPROCESSOR_DEFINITIONS = (
					"DEBUG=1",
					"$(inherited)",
				);
				INFOPLIST_FILE = "winkTests/winkTests-Info.plist";
				PRODUCT_NAME = "$(TARGET_NAME)";
				TEST_HOST = "$(BUNDLE_LOADER)";
				USER_HEADER_SEARCH_PATHS = "./GPUImage/Source/**";
				WRAPPER_EXTENSION = xctest;
			};
			name = Debug;
		};
		A6CBAE9919817B4500FF5CBD /* Release */ = {
			isa = XCBuildConfiguration;
			buildSettings = {
				BUNDLE_LOADER = "$(BUILT_PRODUCTS_DIR)/wink.app/wink";
				FRAMEWORK_SEARCH_PATHS = (
					"$(SDKROOT)/Developer/Library/Frameworks",
					"$(inherited)",
					"$(DEVELOPER_FRAMEWORKS_DIR)",
				);
				GCC_PRECOMPILE_PREFIX_HEADER = YES;
				GCC_PREFIX_HEADER = "wink/wink-Prefix.pch";
				INFOPLIST_FILE = "winkTests/winkTests-Info.plist";
				PRODUCT_NAME = "$(TARGET_NAME)";
				TEST_HOST = "$(BUNDLE_LOADER)";
				USER_HEADER_SEARCH_PATHS = "./GPUImage/Source/**";
				WRAPPER_EXTENSION = xctest;
			};
			name = Release;
		};
/* End XCBuildConfiguration section */

/* Begin XCConfigurationList section */
		A6CBAE5719817B4500FF5CBD /* Build configuration list for PBXProject "wink" */ = {
			isa = XCConfigurationList;
			buildConfigurations = (
				A6CBAE9219817B4500FF5CBD /* Debug */,
				A6CBAE9319817B4500FF5CBD /* Release */,
			);
			defaultConfigurationIsVisible = 0;
			defaultConfigurationName = Release;
		};
		A6CBAE9419817B4500FF5CBD /* Build configuration list for PBXNativeTarget "wink" */ = {
			isa = XCConfigurationList;
			buildConfigurations = (
				A6CBAE9519817B4500FF5CBD /* Debug */,
				A6CBAE9619817B4500FF5CBD /* Release */,
			);
			defaultConfigurationIsVisible = 0;
			defaultConfigurationName = Release;
		};
		A6CBAE9719817B4500FF5CBD /* Build configuration list for PBXNativeTarget "winkTests" */ = {
			isa = XCConfigurationList;
			buildConfigurations = (
				A6CBAE9819817B4500FF5CBD /* Debug */,
				A6CBAE9919817B4500FF5CBD /* Release */,
			);
			defaultConfigurationIsVisible = 0;
			defaultConfigurationName = Release;
		};
/* End XCConfigurationList section */
	};
	rootObject = A6CBAE5419817B4500FF5CBD /* Project object */;
}
